
Microsoft Visual Studio Solution File, Format Version 12.00
# Visual Studio 15
VisualStudioVersion = 15.0.27428.2037
MinimumVisualStudioVersion = 10.0.40219.1
Project("{FAE04EC0-301F-11D3-BF4B-00C04F79EFBC}") = "BudgetApp", "BudgetApp\BudgetApp.csproj", "{87E2F4A5-393A-44AA-9BBF-7EFF0B3369DF}"
EndProject
Global
	GlobalSection(SolutionConfigurationPlatforms) = preSolution
		Debug|Any CPU = Debug|Any CPU
		Release|Any CPU = Release|Any CPU
	EndGlobalSection
	GlobalSection(ProjectConfigurationPlatforms) = postSolution
		{87E2F4A5-393A-44AA-9BBF-7EFF0B3369DF}.Debug|Any CPU.ActiveCfg = Debug|Any CPU
		{87E2F4A5-393A-44AA-9BBF-7EFF0B3369DF}.Debug|Any CPU.Build.0 = Debug|Any CPU
		{87E2F4A5-393A-44AA-9BBF-7EFF0B3369DF}.Release|Any CPU.ActiveCfg = Release|Any CPU
		{87E2F4A5-393A-44AA-9BBF-7EFF0B3369DF}.Release|Any CPU.Build.0 = Release|Any CPU
	EndGlobalSection
	GlobalSection(SolutionProperties) = preSolution
		HideSolutionNode = FALSE
	EndGlobalSection
	GlobalSection(ExtensibilityGlobals) = postSolution
		SolutionGuid = {EBDC304F-A293-4C8D-AA89-FCC2F5E15E52}
	EndGlobalSection
EndGlobal
